// !$*UTF8*$!
{
	archiveVersion = 1;
	classes = {
	};
	objectVersion = 52;
	objects = {

/* Begin PBXBuildFile section */
		CE185B5C264924F3008FD4A9 /* SpaceshipFactory.swift in Sources */ = {isa = PBXBuildFile; fileRef = CE57E6A32600CD940014CE14 /* SpaceshipFactory.swift */; };
		CE2632DF277751EF00E05C04 /* SpaceshipFactory.swift in Sources */ = {isa = PBXBuildFile; fileRef = CE57E6A32600CD940014CE14 /* SpaceshipFactory.swift */; };
		CE2632E02777521B00E05C04 /* SpaceshipFactory.swift in Sources */ = {isa = PBXBuildFile; fileRef = CE57E6A32600CD940014CE14 /* SpaceshipFactory.swift */; };
		CE2632E12777521B00E05C04 /* GunFactory.swift in Sources */ = {isa = PBXBuildFile; fileRef = CE527EA02708572400984288 /* GunFactory.swift */; };
		CE2632E22777521B00E05C04 /* ShapeFactory.swift in Sources */ = {isa = PBXBuildFile; fileRef = CE527EA2270858D700984288 /* ShapeFactory.swift */; };
		CE2632E32777521B00E05C04 /* CGPointExtension.swift in Sources */ = {isa = PBXBuildFile; fileRef = CE527EA6270860E200984288 /* CGPointExtension.swift */; };
		CE2632E42777521B00E05C04 /* CollectionExtension.swift in Sources */ = {isa = PBXBuildFile; fileRef = CE6D271A274C42C40082AA18 /* CollectionExtension.swift */; };
		CE527EA12708572400984288 /* GunFactory.swift in Sources */ = {isa = PBXBuildFile; fileRef = CE527EA02708572400984288 /* GunFactory.swift */; };
		CE527EA3270858D700984288 /* ShapeFactory.swift in Sources */ = {isa = PBXBuildFile; fileRef = CE527EA2270858D700984288 /* ShapeFactory.swift */; };
		CE527EA427085FF900984288 /* GunFactory.swift in Sources */ = {isa = PBXBuildFile; fileRef = CE527EA02708572400984288 /* GunFactory.swift */; };
		CE527EA527085FF900984288 /* ShapeFactory.swift in Sources */ = {isa = PBXBuildFile; fileRef = CE527EA2270858D700984288 /* ShapeFactory.swift */; };
		CE527EA7270860E200984288 /* CGPointExtension.swift in Sources */ = {isa = PBXBuildFile; fileRef = CE527EA6270860E200984288 /* CGPointExtension.swift */; };
		CE527EA82708629600984288 /* CGPointExtension.swift in Sources */ = {isa = PBXBuildFile; fileRef = CE527EA6270860E200984288 /* CGPointExtension.swift */; };
		CE6D271B274C42C40082AA18 /* CollectionExtension.swift in Sources */ = {isa = PBXBuildFile; fileRef = CE6D271A274C42C40082AA18 /* CollectionExtension.swift */; };
		CE6D271C274C433F0082AA18 /* CollectionExtension.swift in Sources */ = {isa = PBXBuildFile; fileRef = CE6D271A274C42C40082AA18 /* CollectionExtension.swift */; };
		CE7E89EB2447E1EF0036F64C /* Assets.xcassets in Resources */ = {isa = PBXBuildFile; fileRef = CECAD4F92446E00C00E07A8B /* Assets.xcassets */; };
		CE7E89EC2447E2010036F64C /* Assets.xcassets in Resources */ = {isa = PBXBuildFile; fileRef = CECAD4F92446E00C00E07A8B /* Assets.xcassets */; };
		CE7E89EE2447F50C0036F64C /* CellGrid.swift in Sources */ = {isa = PBXBuildFile; fileRef = CE7E89ED2447F50C0036F64C /* CellGrid.swift */; };
		CE7E89EF2447F83E0036F64C /* CellGrid.swift in Sources */ = {isa = PBXBuildFile; fileRef = CE7E89ED2447F50C0036F64C /* CellGrid.swift */; };
		CE7E89F02447F83F0036F64C /* CellGrid.swift in Sources */ = {isa = PBXBuildFile; fileRef = CE7E89ED2447F50C0036F64C /* CellGrid.swift */; };
		CE7E89F12447F8550036F64C /* CellGrid.swift in Sources */ = {isa = PBXBuildFile; fileRef = CE7E89ED2447F50C0036F64C /* CellGrid.swift */; };
		CE7E89F3244D94FC0036F64C /* GameWindowController.swift in Sources */ = {isa = PBXBuildFile; fileRef = CE7E89F2244D94FC0036F64C /* GameWindowController.swift */; };
		CE7E89F5244D9EE80036F64C /* GameWindowDelegate.swift in Sources */ = {isa = PBXBuildFile; fileRef = CE7E89F4244D9EE80036F64C /* GameWindowDelegate.swift */; };
		CE7E89F7244D9F0D0036F64C /* GameSceneDelegate.swift in Sources */ = {isa = PBXBuildFile; fileRef = CE7E89F6244D9F0D0036F64C /* GameSceneDelegate.swift */; };
		CE7E89F8244E4E2A0036F64C /* GameSceneDelegate.swift in Sources */ = {isa = PBXBuildFile; fileRef = CE7E89F6244D9F0D0036F64C /* GameSceneDelegate.swift */; };
		CE7E89F9244E4E310036F64C /* GameWindowDelegate.swift in Sources */ = {isa = PBXBuildFile; fileRef = CE7E89F4244D9EE80036F64C /* GameWindowDelegate.swift */; };
		CE7E89FA244E4E560036F64C /* GameWindowDelegate.swift in Sources */ = {isa = PBXBuildFile; fileRef = CE7E89F4244D9EE80036F64C /* GameWindowDelegate.swift */; };
		CE7E89FB244E4E570036F64C /* GameWindowDelegate.swift in Sources */ = {isa = PBXBuildFile; fileRef = CE7E89F4244D9EE80036F64C /* GameWindowDelegate.swift */; };
		CE7E89FC244E4E5C0036F64C /* GameSceneDelegate.swift in Sources */ = {isa = PBXBuildFile; fileRef = CE7E89F6244D9F0D0036F64C /* GameSceneDelegate.swift */; };
		CE7E89FD244E4E5D0036F64C /* GameSceneDelegate.swift in Sources */ = {isa = PBXBuildFile; fileRef = CE7E89F6244D9F0D0036F64C /* GameSceneDelegate.swift */; };
		CECAD5022446E00C00E07A8B /* AppDelegate.swift in Sources */ = {isa = PBXBuildFile; fileRef = CECAD5012446E00C00E07A8B /* AppDelegate.swift */; };
		CECAD5042446E00C00E07A8B /* GameViewController.swift in Sources */ = {isa = PBXBuildFile; fileRef = CECAD5032446E00C00E07A8B /* GameViewController.swift */; };
		CECAD5072446E00C00E07A8B /* Main.storyboard in Resources */ = {isa = PBXBuildFile; fileRef = CECAD5052446E00C00E07A8B /* Main.storyboard */; };
		CECAD50A2446E00C00E07A8B /* LaunchScreen.storyboard in Resources */ = {isa = PBXBuildFile; fileRef = CECAD5082446E00C00E07A8B /* LaunchScreen.storyboard */; };
		CECAD50F2446E00D00E07A8B /* Conway's Game of Life Reloaded.app in Embed Watch Content */ = {isa = PBXBuildFile; fileRef = CECAD50E2446E00D00E07A8B /* Conway's Game of Life Reloaded.app */; settings = {ATTRIBUTES = (RemoveHeadersOnCopy, ); }; };
		CECAD5152446E00D00E07A8B /* Interface.storyboard in Resources */ = {isa = PBXBuildFile; fileRef = CECAD5132446E00D00E07A8B /* Interface.storyboard */; };
		CECAD51C2446E00D00E07A8B /* Conway's Game of Life Reloaded Extension.appex in Embed App Extensions */ = {isa = PBXBuildFile; fileRef = CECAD51B2446E00D00E07A8B /* Conway's Game of Life Reloaded Extension.appex */; settings = {ATTRIBUTES = (RemoveHeadersOnCopy, ); }; };
		CECAD5212446E00D00E07A8B /* InterfaceController.swift in Sources */ = {isa = PBXBuildFile; fileRef = CECAD5202446E00D00E07A8B /* InterfaceController.swift */; };
		CECAD5232446E00D00E07A8B /* ExtensionDelegate.swift in Sources */ = {isa = PBXBuildFile; fileRef = CECAD5222446E00D00E07A8B /* ExtensionDelegate.swift */; };
		CECAD52C2446E00D00E07A8B /* AppDelegate.swift in Sources */ = {isa = PBXBuildFile; fileRef = CECAD52B2446E00D00E07A8B /* AppDelegate.swift */; };
		CECAD52E2446E00D00E07A8B /* GameViewController.swift in Sources */ = {isa = PBXBuildFile; fileRef = CECAD52D2446E00D00E07A8B /* GameViewController.swift */; };
		CECAD5312446E00D00E07A8B /* Main.storyboard in Resources */ = {isa = PBXBuildFile; fileRef = CECAD52F2446E00D00E07A8B /* Main.storyboard */; };
		CECAD5342446E00D00E07A8B /* LaunchScreen.storyboard in Resources */ = {isa = PBXBuildFile; fileRef = CECAD5322446E00D00E07A8B /* LaunchScreen.storyboard */; };
		CECAD53D2446E00D00E07A8B /* AppDelegate.swift in Sources */ = {isa = PBXBuildFile; fileRef = CECAD53C2446E00D00E07A8B /* AppDelegate.swift */; };
		CECAD53F2446E00D00E07A8B /* GameViewController.swift in Sources */ = {isa = PBXBuildFile; fileRef = CECAD53E2446E00D00E07A8B /* GameViewController.swift */; };
		CECAD5422446E00D00E07A8B /* Main.storyboard in Resources */ = {isa = PBXBuildFile; fileRef = CECAD5402446E00D00E07A8B /* Main.storyboard */; };
		CECAD5442446E00D00E07A8B /* Actions.sks in Resources */ = {isa = PBXBuildFile; fileRef = CECAD4F62446E00A00E07A8B /* Actions.sks */; };
		CECAD5452446E00D00E07A8B /* Actions.sks in Resources */ = {isa = PBXBuildFile; fileRef = CECAD4F62446E00A00E07A8B /* Actions.sks */; };
		CECAD5462446E00D00E07A8B /* Actions.sks in Resources */ = {isa = PBXBuildFile; fileRef = CECAD4F62446E00A00E07A8B /* Actions.sks */; };
		CECAD5472446E00D00E07A8B /* GameScene.sks in Resources */ = {isa = PBXBuildFile; fileRef = CECAD4F72446E00A00E07A8B /* GameScene.sks */; };
		CECAD5482446E00D00E07A8B /* GameScene.sks in Resources */ = {isa = PBXBuildFile; fileRef = CECAD4F72446E00A00E07A8B /* GameScene.sks */; };
		CECAD5492446E00D00E07A8B /* GameScene.sks in Resources */ = {isa = PBXBuildFile; fileRef = CECAD4F72446E00A00E07A8B /* GameScene.sks */; };
		CECAD54A2446E00D00E07A8B /* GameScene.sks in Resources */ = {isa = PBXBuildFile; fileRef = CECAD4F72446E00A00E07A8B /* GameScene.sks */; };
		CECAD54B2446E00D00E07A8B /* GameScene.swift in Sources */ = {isa = PBXBuildFile; fileRef = CECAD4F82446E00A00E07A8B /* GameScene.swift */; };
		CECAD54C2446E00D00E07A8B /* GameScene.swift in Sources */ = {isa = PBXBuildFile; fileRef = CECAD4F82446E00A00E07A8B /* GameScene.swift */; };
		CECAD54D2446E00D00E07A8B /* GameScene.swift in Sources */ = {isa = PBXBuildFile; fileRef = CECAD4F82446E00A00E07A8B /* GameScene.swift */; };
		CECAD54E2446E00D00E07A8B /* GameScene.swift in Sources */ = {isa = PBXBuildFile; fileRef = CECAD4F82446E00A00E07A8B /* GameScene.swift */; };
		CECAD54F2446E00D00E07A8B /* Assets.xcassets in Resources */ = {isa = PBXBuildFile; fileRef = CECAD4F92446E00C00E07A8B /* Assets.xcassets */; };
		CECAD5672446E05600E07A8B /* ResettableScene.swift in Sources */ = {isa = PBXBuildFile; fileRef = CECAD5662446E05600E07A8B /* ResettableScene.swift */; };
		CECAD56A244703BB00E07A8B /* Cell.swift in Sources */ = {isa = PBXBuildFile; fileRef = CECAD5682446FB7E00E07A8B /* Cell.swift */; };
		CECAD56B244703BD00E07A8B /* Cell.swift in Sources */ = {isa = PBXBuildFile; fileRef = CECAD5682446FB7E00E07A8B /* Cell.swift */; };
		CECAD56C244703C400E07A8B /* Cell.swift in Sources */ = {isa = PBXBuildFile; fileRef = CECAD5682446FB7E00E07A8B /* Cell.swift */; };
		CECAD56D244703C500E07A8B /* Cell.swift in Sources */ = {isa = PBXBuildFile; fileRef = CECAD5682446FB7E00E07A8B /* Cell.swift */; };
		CECAD56E244703CB00E07A8B /* ResettableScene.swift in Sources */ = {isa = PBXBuildFile; fileRef = CECAD5662446E05600E07A8B /* ResettableScene.swift */; };
		CECAD56F244703CC00E07A8B /* ResettableScene.swift in Sources */ = {isa = PBXBuildFile; fileRef = CECAD5662446E05600E07A8B /* ResettableScene.swift */; };
		CECAD570244703CC00E07A8B /* ResettableScene.swift in Sources */ = {isa = PBXBuildFile; fileRef = CECAD5662446E05600E07A8B /* ResettableScene.swift */; };
		CED7FB7F248E444D00BDB0F4 /* SpeedViewController.swift in Sources */ = {isa = PBXBuildFile; fileRef = CED7FB7E248E444D00BDB0F4 /* SpeedViewController.swift */; };
/* End PBXBuildFile section */

/* Begin PBXContainerItemProxy section */
		CECAD5102446E00D00E07A8B /* PBXContainerItemProxy */ = {
			isa = PBXContainerItemProxy;
			containerPortal = CECAD4F12446E00A00E07A8B /* Project object */;
			proxyType = 1;
			remoteGlobalIDString = CECAD50D2446E00D00E07A8B;
			remoteInfo = "Conway's Game of Life Reloaded watchOS App";
		};
		CECAD51D2446E00D00E07A8B /* PBXContainerItemProxy */ = {
			isa = PBXContainerItemProxy;
			containerPortal = CECAD4F12446E00A00E07A8B /* Project object */;
			proxyType = 1;
			remoteGlobalIDString = CECAD51A2446E00D00E07A8B;
			remoteInfo = "Conway's Game of Life Reloaded watchOS App Extension";
		};
/* End PBXContainerItemProxy section */

/* Begin PBXCopyFilesBuildPhase section */
		CECAD5582446E00D00E07A8B /* Embed App Extensions */ = {
			isa = PBXCopyFilesBuildPhase;
			buildActionMask = 2147483647;
			dstPath = "";
			dstSubfolderSpec = 13;
			files = (
				CECAD51C2446E00D00E07A8B /* Conway's Game of Life Reloaded Extension.appex in Embed App Extensions */,
			);
			name = "Embed App Extensions";
			runOnlyForDeploymentPostprocessing = 0;
		};
		CECAD55C2446E00D00E07A8B /* Embed Watch Content */ = {
			isa = PBXCopyFilesBuildPhase;
			buildActionMask = 2147483647;
			dstPath = "$(CONTENTS_FOLDER_PATH)/Watch";
			dstSubfolderSpec = 16;
			files = (
				CECAD50F2446E00D00E07A8B /* Conway's Game of Life Reloaded.app in Embed Watch Content */,
			);
			name = "Embed Watch Content";
			runOnlyForDeploymentPostprocessing = 0;
		};
/* End PBXCopyFilesBuildPhase section */

/* Begin PBXFileReference section */
		CE527EA02708572400984288 /* GunFactory.swift */ = {isa = PBXFileReference; lastKnownFileType = sourcecode.swift; path = GunFactory.swift; sourceTree = "<group>"; };
		CE527EA2270858D700984288 /* ShapeFactory.swift */ = {isa = PBXFileReference; lastKnownFileType = sourcecode.swift; path = ShapeFactory.swift; sourceTree = "<group>"; };
		CE527EA6270860E200984288 /* CGPointExtension.swift */ = {isa = PBXFileReference; lastKnownFileType = sourcecode.swift; path = CGPointExtension.swift; sourceTree = "<group>"; };
		CE57E6A32600CD940014CE14 /* SpaceshipFactory.swift */ = {isa = PBXFileReference; lastKnownFileType = sourcecode.swift; path = SpaceshipFactory.swift; sourceTree = "<group>"; };
		CE6D271A274C42C40082AA18 /* CollectionExtension.swift */ = {isa = PBXFileReference; lastKnownFileType = sourcecode.swift; path = CollectionExtension.swift; sourceTree = "<group>"; };
		CE7E89ED2447F50C0036F64C /* CellGrid.swift */ = {isa = PBXFileReference; lastKnownFileType = sourcecode.swift; path = CellGrid.swift; sourceTree = "<group>"; };
		CE7E89F2244D94FC0036F64C /* GameWindowController.swift */ = {isa = PBXFileReference; lastKnownFileType = sourcecode.swift; path = GameWindowController.swift; sourceTree = "<group>"; };
		CE7E89F4244D9EE80036F64C /* GameWindowDelegate.swift */ = {isa = PBXFileReference; lastKnownFileType = sourcecode.swift; path = GameWindowDelegate.swift; sourceTree = "<group>"; };
		CE7E89F6244D9F0D0036F64C /* GameSceneDelegate.swift */ = {isa = PBXFileReference; lastKnownFileType = sourcecode.swift; path = GameSceneDelegate.swift; sourceTree = "<group>"; };
		CECAD4F62446E00A00E07A8B /* Actions.sks */ = {isa = PBXFileReference; lastKnownFileType = file.sks; path = Actions.sks; sourceTree = "<group>"; };
		CECAD4F72446E00A00E07A8B /* GameScene.sks */ = {isa = PBXFileReference; lastKnownFileType = file.sks; path = GameScene.sks; sourceTree = "<group>"; };
		CECAD4F82446E00A00E07A8B /* GameScene.swift */ = {isa = PBXFileReference; lastKnownFileType = sourcecode.swift; path = GameScene.swift; sourceTree = "<group>"; };
		CECAD4F92446E00C00E07A8B /* Assets.xcassets */ = {isa = PBXFileReference; lastKnownFileType = folder.assetcatalog; path = Assets.xcassets; sourceTree = "<group>"; };
		CECAD4FE2446E00C00E07A8B /* Conway's Game of Life Reloaded.app */ = {isa = PBXFileReference; explicitFileType = wrapper.application; includeInIndex = 0; path = "Conway's Game of Life Reloaded.app"; sourceTree = BUILT_PRODUCTS_DIR; };
		CECAD5012446E00C00E07A8B /* AppDelegate.swift */ = {isa = PBXFileReference; lastKnownFileType = sourcecode.swift; path = AppDelegate.swift; sourceTree = "<group>"; };
		CECAD5032446E00C00E07A8B /* GameViewController.swift */ = {isa = PBXFileReference; lastKnownFileType = sourcecode.swift; path = GameViewController.swift; sourceTree = "<group>"; };
		CECAD5062446E00C00E07A8B /* Base */ = {isa = PBXFileReference; lastKnownFileType = file.storyboard; name = Base; path = Base.lproj/Main.storyboard; sourceTree = "<group>"; };
		CECAD5092446E00C00E07A8B /* Base */ = {isa = PBXFileReference; lastKnownFileType = file.storyboard; name = Base; path = Base.lproj/LaunchScreen.storyboard; sourceTree = "<group>"; };
		CECAD50B2446E00C00E07A8B /* Info.plist */ = {isa = PBXFileReference; lastKnownFileType = text.plist.xml; path = Info.plist; sourceTree = "<group>"; };
		CECAD50E2446E00D00E07A8B /* Conway's Game of Life Reloaded.app */ = {isa = PBXFileReference; explicitFileType = wrapper.application; includeInIndex = 0; path = "Conway's Game of Life Reloaded.app"; sourceTree = BUILT_PRODUCTS_DIR; };
		CECAD5142446E00D00E07A8B /* Base */ = {isa = PBXFileReference; lastKnownFileType = file.storyboard; name = Base; path = Base.lproj/Interface.storyboard; sourceTree = "<group>"; };
		CECAD5162446E00D00E07A8B /* Info.plist */ = {isa = PBXFileReference; lastKnownFileType = text.plist.xml; path = Info.plist; sourceTree = "<group>"; };
		CECAD51B2446E00D00E07A8B /* Conway's Game of Life Reloaded Extension.appex */ = {isa = PBXFileReference; explicitFileType = "wrapper.app-extension"; includeInIndex = 0; path = "Conway's Game of Life Reloaded Extension.appex"; sourceTree = BUILT_PRODUCTS_DIR; };
		CECAD5202446E00D00E07A8B /* InterfaceController.swift */ = {isa = PBXFileReference; lastKnownFileType = sourcecode.swift; path = InterfaceController.swift; sourceTree = "<group>"; };
		CECAD5222446E00D00E07A8B /* ExtensionDelegate.swift */ = {isa = PBXFileReference; lastKnownFileType = sourcecode.swift; path = ExtensionDelegate.swift; sourceTree = "<group>"; };
		CECAD5242446E00D00E07A8B /* Info.plist */ = {isa = PBXFileReference; lastKnownFileType = text.plist.xml; path = Info.plist; sourceTree = "<group>"; };
		CECAD5292446E00D00E07A8B /* Conway's Game of Life Reloaded.app */ = {isa = PBXFileReference; explicitFileType = wrapper.application; includeInIndex = 0; path = "Conway's Game of Life Reloaded.app"; sourceTree = BUILT_PRODUCTS_DIR; };
		CECAD52B2446E00D00E07A8B /* AppDelegate.swift */ = {isa = PBXFileReference; lastKnownFileType = sourcecode.swift; path = AppDelegate.swift; sourceTree = "<group>"; };
		CECAD52D2446E00D00E07A8B /* GameViewController.swift */ = {isa = PBXFileReference; lastKnownFileType = sourcecode.swift; path = GameViewController.swift; sourceTree = "<group>"; };
		CECAD5302446E00D00E07A8B /* Base */ = {isa = PBXFileReference; lastKnownFileType = file.storyboard; name = Base; path = Base.lproj/Main.storyboard; sourceTree = "<group>"; };
		CECAD5332446E00D00E07A8B /* Base */ = {isa = PBXFileReference; lastKnownFileType = file.storyboard; name = Base; path = Base.lproj/LaunchScreen.storyboard; sourceTree = "<group>"; };
		CECAD5352446E00D00E07A8B /* Info.plist */ = {isa = PBXFileReference; lastKnownFileType = text.plist.xml; path = Info.plist; sourceTree = "<group>"; };
		CECAD53A2446E00D00E07A8B /* Conway's Game of Life Reloaded.app */ = {isa = PBXFileReference; explicitFileType = wrapper.application; includeInIndex = 0; path = "Conway's Game of Life Reloaded.app"; sourceTree = BUILT_PRODUCTS_DIR; };
		CECAD53C2446E00D00E07A8B /* AppDelegate.swift */ = {isa = PBXFileReference; lastKnownFileType = sourcecode.swift; path = AppDelegate.swift; sourceTree = "<group>"; };
		CECAD53E2446E00D00E07A8B /* GameViewController.swift */ = {isa = PBXFileReference; lastKnownFileType = sourcecode.swift; path = GameViewController.swift; sourceTree = "<group>"; };
		CECAD5412446E00D00E07A8B /* Base */ = {isa = PBXFileReference; lastKnownFileType = file.storyboard; name = Base; path = Base.lproj/Main.storyboard; sourceTree = "<group>"; };
		CECAD5432446E00D00E07A8B /* Info.plist */ = {isa = PBXFileReference; lastKnownFileType = text.plist.xml; path = Info.plist; sourceTree = "<group>"; };
		CECAD5662446E05600E07A8B /* ResettableScene.swift */ = {isa = PBXFileReference; lastKnownFileType = sourcecode.swift; path = ResettableScene.swift; sourceTree = "<group>"; };
		CECAD5682446FB7E00E07A8B /* Cell.swift */ = {isa = PBXFileReference; lastKnownFileType = sourcecode.swift; path = Cell.swift; sourceTree = "<group>"; };
		CED7FB7E248E444D00BDB0F4 /* SpeedViewController.swift */ = {isa = PBXFileReference; lastKnownFileType = sourcecode.swift; path = SpeedViewController.swift; sourceTree = "<group>"; };
/* End PBXFileReference section */

/* Begin PBXFrameworksBuildPhase section */
		CECAD4FB2446E00C00E07A8B /* Frameworks */ = {
			isa = PBXFrameworksBuildPhase;
			buildActionMask = 2147483647;
			files = (
			);
			runOnlyForDeploymentPostprocessing = 0;
		};
		CECAD5182446E00D00E07A8B /* Frameworks */ = {
			isa = PBXFrameworksBuildPhase;
			buildActionMask = 2147483647;
			files = (
			);
			runOnlyForDeploymentPostprocessing = 0;
		};
		CECAD5262446E00D00E07A8B /* Frameworks */ = {
			isa = PBXFrameworksBuildPhase;
			buildActionMask = 2147483647;
			files = (
			);
			runOnlyForDeploymentPostprocessing = 0;
		};
		CECAD5372446E00D00E07A8B /* Frameworks */ = {
			isa = PBXFrameworksBuildPhase;
			buildActionMask = 2147483647;
			files = (
			);
			runOnlyForDeploymentPostprocessing = 0;
		};
/* End PBXFrameworksBuildPhase section */

/* Begin PBXGroup section */
		CECAD4F02446E00A00E07A8B = {
			isa = PBXGroup;
			children = (
				CECAD4F52446E00A00E07A8B /* Conway's Game of Life Reloaded Shared */,
				CECAD5002446E00C00E07A8B /* Conway's Game of Life Reloaded iOS */,
				CECAD5122446E00D00E07A8B /* Conway's Game of Life Reloaded watchOS App */,
				CECAD51F2446E00D00E07A8B /* Conway's Game of Life Reloaded watchOS App Extension */,
				CECAD52A2446E00D00E07A8B /* Conway's Game of Life Reloaded tvOS */,
				CECAD53B2446E00D00E07A8B /* Conway's Game of Life Reloaded macOS */,
				CECAD4FF2446E00C00E07A8B /* Products */,
			);
			sourceTree = "<group>";
		};
		CECAD4F52446E00A00E07A8B /* Conway's Game of Life Reloaded Shared */ = {
			isa = PBXGroup;
			children = (
				CECAD4F62446E00A00E07A8B /* Actions.sks */,
				CECAD4F72446E00A00E07A8B /* GameScene.sks */,
				CECAD4F82446E00A00E07A8B /* GameScene.swift */,
				CECAD4F92446E00C00E07A8B /* Assets.xcassets */,
				CECAD5662446E05600E07A8B /* ResettableScene.swift */,
				CECAD5682446FB7E00E07A8B /* Cell.swift */,
				CE7E89ED2447F50C0036F64C /* CellGrid.swift */,
				CE7E89F4244D9EE80036F64C /* GameWindowDelegate.swift */,
				CE7E89F6244D9F0D0036F64C /* GameSceneDelegate.swift */,
				CE57E6A32600CD940014CE14 /* SpaceshipFactory.swift */,
				CE527EA02708572400984288 /* GunFactory.swift */,
				CE527EA2270858D700984288 /* ShapeFactory.swift */,
				CE527EA6270860E200984288 /* CGPointExtension.swift */,
				CE6D271A274C42C40082AA18 /* CollectionExtension.swift */,
			);
			path = "Conway's Game of Life Reloaded Shared";
			sourceTree = "<group>";
		};
		CECAD4FF2446E00C00E07A8B /* Products */ = {
			isa = PBXGroup;
			children = (
				CECAD4FE2446E00C00E07A8B /* Conway's Game of Life Reloaded.app */,
				CECAD50E2446E00D00E07A8B /* Conway's Game of Life Reloaded.app */,
				CECAD51B2446E00D00E07A8B /* Conway's Game of Life Reloaded Extension.appex */,
				CECAD5292446E00D00E07A8B /* Conway's Game of Life Reloaded.app */,
				CECAD53A2446E00D00E07A8B /* Conway's Game of Life Reloaded.app */,
			);
			name = Products;
			sourceTree = "<group>";
		};
		CECAD5002446E00C00E07A8B /* Conway's Game of Life Reloaded iOS */ = {
			isa = PBXGroup;
			children = (
				CECAD5012446E00C00E07A8B /* AppDelegate.swift */,
				CECAD5032446E00C00E07A8B /* GameViewController.swift */,
				CED7FB7E248E444D00BDB0F4 /* SpeedViewController.swift */,
				CECAD5052446E00C00E07A8B /* Main.storyboard */,
				CECAD5082446E00C00E07A8B /* LaunchScreen.storyboard */,
				CECAD50B2446E00C00E07A8B /* Info.plist */,
			);
			path = "Conway's Game of Life Reloaded iOS";
			sourceTree = "<group>";
		};
		CECAD5122446E00D00E07A8B /* Conway's Game of Life Reloaded watchOS App */ = {
			isa = PBXGroup;
			children = (
				CECAD5132446E00D00E07A8B /* Interface.storyboard */,
				CECAD5162446E00D00E07A8B /* Info.plist */,
			);
			path = "Conway's Game of Life Reloaded watchOS App";
			sourceTree = "<group>";
		};
		CECAD51F2446E00D00E07A8B /* Conway's Game of Life Reloaded watchOS App Extension */ = {
			isa = PBXGroup;
			children = (
				CECAD5202446E00D00E07A8B /* InterfaceController.swift */,
				CECAD5222446E00D00E07A8B /* ExtensionDelegate.swift */,
				CECAD5242446E00D00E07A8B /* Info.plist */,
			);
			path = "Conway's Game of Life Reloaded watchOS App Extension";
			sourceTree = "<group>";
		};
		CECAD52A2446E00D00E07A8B /* Conway's Game of Life Reloaded tvOS */ = {
			isa = PBXGroup;
			children = (
				CECAD52B2446E00D00E07A8B /* AppDelegate.swift */,
				CECAD52D2446E00D00E07A8B /* GameViewController.swift */,
				CECAD52F2446E00D00E07A8B /* Main.storyboard */,
				CECAD5322446E00D00E07A8B /* LaunchScreen.storyboard */,
				CECAD5352446E00D00E07A8B /* Info.plist */,
			);
			path = "Conway's Game of Life Reloaded tvOS";
			sourceTree = "<group>";
		};
		CECAD53B2446E00D00E07A8B /* Conway's Game of Life Reloaded macOS */ = {
			isa = PBXGroup;
			children = (
				CECAD53C2446E00D00E07A8B /* AppDelegate.swift */,
				CECAD53E2446E00D00E07A8B /* GameViewController.swift */,
				CE7E89F2244D94FC0036F64C /* GameWindowController.swift */,
				CECAD5402446E00D00E07A8B /* Main.storyboard */,
				CECAD5432446E00D00E07A8B /* Info.plist */,
			);
			path = "Conway's Game of Life Reloaded macOS";
			sourceTree = "<group>";
		};
/* End PBXGroup section */

/* Begin PBXNativeTarget section */
		CECAD4FD2446E00C00E07A8B /* Conway's Game of Life Reloaded iOS */ = {
			isa = PBXNativeTarget;
			buildConfigurationList = CECAD55D2446E00D00E07A8B /* Build configuration list for PBXNativeTarget "Conway's Game of Life Reloaded iOS" */;
			buildPhases = (
				CECAD4FA2446E00C00E07A8B /* Sources */,
				CECAD4FB2446E00C00E07A8B /* Frameworks */,
				CECAD4FC2446E00C00E07A8B /* Resources */,
				CECAD55C2446E00D00E07A8B /* Embed Watch Content */,
			);
			buildRules = (
			);
			dependencies = (
				CECAD5112446E00D00E07A8B /* PBXTargetDependency */,
			);
			name = "Conway's Game of Life Reloaded iOS";
			productName = "Conway's Game of Life Reloaded iOS";
			productReference = CECAD4FE2446E00C00E07A8B /* Conway's Game of Life Reloaded.app */;
			productType = "com.apple.product-type.application";
		};
		CECAD50D2446E00D00E07A8B /* Conway's Game of Life Reloaded watchOS App */ = {
			isa = PBXNativeTarget;
			buildConfigurationList = CECAD5592446E00D00E07A8B /* Build configuration list for PBXNativeTarget "Conway's Game of Life Reloaded watchOS App" */;
			buildPhases = (
				CECAD50C2446E00D00E07A8B /* Resources */,
				CECAD5582446E00D00E07A8B /* Embed App Extensions */,
			);
			buildRules = (
			);
			dependencies = (
				CECAD51E2446E00D00E07A8B /* PBXTargetDependency */,
			);
			name = "Conway's Game of Life Reloaded watchOS App";
			productName = "Conway's Game of Life Reloaded watchOS App";
			productReference = CECAD50E2446E00D00E07A8B /* Conway's Game of Life Reloaded.app */;
			productType = "com.apple.product-type.application.watchapp2";
		};
		CECAD51A2446E00D00E07A8B /* Conway's Game of Life Reloaded watchOS App Extension */ = {
			isa = PBXNativeTarget;
			buildConfigurationList = CECAD5552446E00D00E07A8B /* Build configuration list for PBXNativeTarget "Conway's Game of Life Reloaded watchOS App Extension" */;
			buildPhases = (
				CECAD5172446E00D00E07A8B /* Sources */,
				CECAD5182446E00D00E07A8B /* Frameworks */,
				CECAD5192446E00D00E07A8B /* Resources */,
			);
			buildRules = (
			);
			dependencies = (
			);
			name = "Conway's Game of Life Reloaded watchOS App Extension";
			productName = "Conway's Game of Life Reloaded watchOS App Extension";
			productReference = CECAD51B2446E00D00E07A8B /* Conway's Game of Life Reloaded Extension.appex */;
			productType = "com.apple.product-type.watchkit2-extension";
		};
		CECAD5282446E00D00E07A8B /* Conway's Game of Life Reloaded tvOS */ = {
			isa = PBXNativeTarget;
			buildConfigurationList = CECAD5602446E00D00E07A8B /* Build configuration list for PBXNativeTarget "Conway's Game of Life Reloaded tvOS" */;
			buildPhases = (
				CECAD5252446E00D00E07A8B /* Sources */,
				CECAD5262446E00D00E07A8B /* Frameworks */,
				CECAD5272446E00D00E07A8B /* Resources */,
			);
			buildRules = (
			);
			dependencies = (
			);
			name = "Conway's Game of Life Reloaded tvOS";
			productName = "Conway's Game of Life Reloaded tvOS";
			productReference = CECAD5292446E00D00E07A8B /* Conway's Game of Life Reloaded.app */;
			productType = "com.apple.product-type.application";
		};
		CECAD5392446E00D00E07A8B /* Conway's Game of Life Reloaded macOS */ = {
			isa = PBXNativeTarget;
			buildConfigurationList = CECAD5632446E00D00E07A8B /* Build configuration list for PBXNativeTarget "Conway's Game of Life Reloaded macOS" */;
			buildPhases = (
				CECAD5362446E00D00E07A8B /* Sources */,
				CECAD5372446E00D00E07A8B /* Frameworks */,
				CECAD5382446E00D00E07A8B /* Resources */,
			);
			buildRules = (
			);
			dependencies = (
			);
			name = "Conway's Game of Life Reloaded macOS";
			productName = "Conway's Game of Life Reloaded macOS";
			productReference = CECAD53A2446E00D00E07A8B /* Conway's Game of Life Reloaded.app */;
			productType = "com.apple.product-type.application";
		};
/* End PBXNativeTarget section */

/* Begin PBXProject section */
		CECAD4F12446E00A00E07A8B /* Project object */ = {
			isa = PBXProject;
			attributes = {
				LastSwiftUpdateCheck = 1130;
				LastUpgradeCheck = 1320;
				ORGANIZATIONNAME = "Albertino Padin";
				TargetAttributes = {
					CECAD4FD2446E00C00E07A8B = {
						CreatedOnToolsVersion = 11.3.1;
					};
					CECAD50D2446E00D00E07A8B = {
						CreatedOnToolsVersion = 11.3.1;
					};
					CECAD51A2446E00D00E07A8B = {
						CreatedOnToolsVersion = 11.3.1;
					};
					CECAD5282446E00D00E07A8B = {
						CreatedOnToolsVersion = 11.3.1;
					};
					CECAD5392446E00D00E07A8B = {
						CreatedOnToolsVersion = 11.3.1;
					};
				};
			};
			buildConfigurationList = CECAD4F42446E00A00E07A8B /* Build configuration list for PBXProject "Conway's Game of Life Reloaded" */;
			compatibilityVersion = "Xcode 11.0";
			developmentRegion = en;
			hasScannedForEncodings = 0;
			knownRegions = (
				en,
				Base,
			);
			mainGroup = CECAD4F02446E00A00E07A8B;
			productRefGroup = CECAD4FF2446E00C00E07A8B /* Products */;
			projectDirPath = "";
			projectRoot = "";
			targets = (
				CECAD4FD2446E00C00E07A8B /* Conway's Game of Life Reloaded iOS */,
				CECAD50D2446E00D00E07A8B /* Conway's Game of Life Reloaded watchOS App */,
				CECAD51A2446E00D00E07A8B /* Conway's Game of Life Reloaded watchOS App Extension */,
				CECAD5282446E00D00E07A8B /* Conway's Game of Life Reloaded tvOS */,
				CECAD5392446E00D00E07A8B /* Conway's Game of Life Reloaded macOS */,
			);
		};
/* End PBXProject section */

/* Begin PBXResourcesBuildPhase section */
		CECAD4FC2446E00C00E07A8B /* Resources */ = {
			isa = PBXResourcesBuildPhase;
			buildActionMask = 2147483647;
			files = (
				CECAD5472446E00D00E07A8B /* GameScene.sks in Resources */,
				CECAD5072446E00C00E07A8B /* Main.storyboard in Resources */,
				CECAD5442446E00D00E07A8B /* Actions.sks in Resources */,
				CECAD50A2446E00C00E07A8B /* LaunchScreen.storyboard in Resources */,
				CECAD54F2446E00D00E07A8B /* Assets.xcassets in Resources */,
			);
			runOnlyForDeploymentPostprocessing = 0;
		};
		CECAD50C2446E00D00E07A8B /* Resources */ = {
			isa = PBXResourcesBuildPhase;
			buildActionMask = 2147483647;
			files = (
				CECAD5152446E00D00E07A8B /* Interface.storyboard in Resources */,
			);
			runOnlyForDeploymentPostprocessing = 0;
		};
		CECAD5192446E00D00E07A8B /* Resources */ = {
			isa = PBXResourcesBuildPhase;
			buildActionMask = 2147483647;
			files = (
				CECAD5482446E00D00E07A8B /* GameScene.sks in Resources */,
			);
			runOnlyForDeploymentPostprocessing = 0;
		};
		CECAD5272446E00D00E07A8B /* Resources */ = {
			isa = PBXResourcesBuildPhase;
			buildActionMask = 2147483647;
			files = (
				CECAD5492446E00D00E07A8B /* GameScene.sks in Resources */,
				CECAD5312446E00D00E07A8B /* Main.storyboard in Resources */,
				CECAD5452446E00D00E07A8B /* Actions.sks in Resources */,
				CECAD5342446E00D00E07A8B /* LaunchScreen.storyboard in Resources */,
				CE7E89EC2447E2010036F64C /* Assets.xcassets in Resources */,
			);
			runOnlyForDeploymentPostprocessing = 0;
		};
		CECAD5382446E00D00E07A8B /* Resources */ = {
			isa = PBXResourcesBuildPhase;
			buildActionMask = 2147483647;
			files = (
				CECAD5422446E00D00E07A8B /* Main.storyboard in Resources */,
				CECAD54A2446E00D00E07A8B /* GameScene.sks in Resources */,
				CE7E89EB2447E1EF0036F64C /* Assets.xcassets in Resources */,
				CECAD5462446E00D00E07A8B /* Actions.sks in Resources */,
			);
			runOnlyForDeploymentPostprocessing = 0;
		};
/* End PBXResourcesBuildPhase section */

/* Begin PBXSourcesBuildPhase section */
		CECAD4FA2446E00C00E07A8B /* Sources */ = {
			isa = PBXSourcesBuildPhase;
			buildActionMask = 2147483647;
			files = (
				CE2632DF277751EF00E05C04 /* SpaceshipFactory.swift in Sources */,
				CE7E89F9244E4E310036F64C /* GameWindowDelegate.swift in Sources */,
				CE6D271B274C42C40082AA18 /* CollectionExtension.swift in Sources */,
				CECAD54B2446E00D00E07A8B /* GameScene.swift in Sources */,
				CE7E89F8244E4E2A0036F64C /* GameSceneDelegate.swift in Sources */,
				CE7E89EE2447F50C0036F64C /* CellGrid.swift in Sources */,
				CECAD5672446E05600E07A8B /* ResettableScene.swift in Sources */,
				CECAD56B244703BD00E07A8B /* Cell.swift in Sources */,
				CE527EA3270858D700984288 /* ShapeFactory.swift in Sources */,
				CED7FB7F248E444D00BDB0F4 /* SpeedViewController.swift in Sources */,
				CE527EA7270860E200984288 /* CGPointExtension.swift in Sources */,
				CECAD5042446E00C00E07A8B /* GameViewController.swift in Sources */,
				CE527EA12708572400984288 /* GunFactory.swift in Sources */,
				CECAD5022446E00C00E07A8B /* AppDelegate.swift in Sources */,
			);
			runOnlyForDeploymentPostprocessing = 0;
		};
		CECAD5172446E00D00E07A8B /* Sources */ = {
			isa = PBXSourcesBuildPhase;
			buildActionMask = 2147483647;
			files = (
				CE2632E02777521B00E05C04 /* SpaceshipFactory.swift in Sources */,
				CE2632E12777521B00E05C04 /* GunFactory.swift in Sources */,
				CE2632E22777521B00E05C04 /* ShapeFactory.swift in Sources */,
				CE2632E32777521B00E05C04 /* CGPointExtension.swift in Sources */,
				CE2632E42777521B00E05C04 /* CollectionExtension.swift in Sources */,
				CE7E89FA244E4E560036F64C /* GameWindowDelegate.swift in Sources */,
				CECAD54C2446E00D00E07A8B /* GameScene.swift in Sources */,
				CE7E89F12447F8550036F64C /* CellGrid.swift in Sources */,
				CECAD56E244703CB00E07A8B /* ResettableScene.swift in Sources */,
				CECAD56C244703C400E07A8B /* Cell.swift in Sources */,
				CE7E89FC244E4E5C0036F64C /* GameSceneDelegate.swift in Sources */,
				CECAD5232446E00D00E07A8B /* ExtensionDelegate.swift in Sources */,
				CECAD5212446E00D00E07A8B /* InterfaceController.swift in Sources */,
			);
			runOnlyForDeploymentPostprocessing = 0;
		};
		CECAD5252446E00D00E07A8B /* Sources */ = {
			isa = PBXSourcesBuildPhase;
			buildActionMask = 2147483647;
			files = (
				CE7E89FB244E4E570036F64C /* GameWindowDelegate.swift in Sources */,
				CECAD54D2446E00D00E07A8B /* GameScene.swift in Sources */,
				CE7E89F02447F83F0036F64C /* CellGrid.swift in Sources */,
				CECAD56F244703CC00E07A8B /* ResettableScene.swift in Sources */,
				CECAD56D244703C500E07A8B /* Cell.swift in Sources */,
				CE7E89FD244E4E5D0036F64C /* GameSceneDelegate.swift in Sources */,
				CECAD52E2446E00D00E07A8B /* GameViewController.swift in Sources */,
				CECAD52C2446E00D00E07A8B /* AppDelegate.swift in Sources */,
			);
			runOnlyForDeploymentPostprocessing = 0;
		};
		CECAD5362446E00D00E07A8B /* Sources */ = {
			isa = PBXSourcesBuildPhase;
			buildActionMask = 2147483647;
			files = (
				CE6D271C274C433F0082AA18 /* CollectionExtension.swift in Sources */,
				CE527EA82708629600984288 /* CGPointExtension.swift in Sources */,
				CE527EA427085FF900984288 /* GunFactory.swift in Sources */,
				CE527EA527085FF900984288 /* ShapeFactory.swift in Sources */,
				CE185B5C264924F3008FD4A9 /* SpaceshipFactory.swift in Sources */,
				CE7E89F5244D9EE80036F64C /* GameWindowDelegate.swift in Sources */,
				CE7E89F7244D9F0D0036F64C /* GameSceneDelegate.swift in Sources */,
				CECAD54E2446E00D00E07A8B /* GameScene.swift in Sources */,
				CE7E89EF2447F83E0036F64C /* CellGrid.swift in Sources */,
				CECAD570244703CC00E07A8B /* ResettableScene.swift in Sources */,
				CECAD56A244703BB00E07A8B /* Cell.swift in Sources */,
				CECAD53F2446E00D00E07A8B /* GameViewController.swift in Sources */,
				CECAD53D2446E00D00E07A8B /* AppDelegate.swift in Sources */,
				CE7E89F3244D94FC0036F64C /* GameWindowController.swift in Sources */,
			);
			runOnlyForDeploymentPostprocessing = 0;
		};
/* End PBXSourcesBuildPhase section */

/* Begin PBXTargetDependency section */
		CECAD5112446E00D00E07A8B /* PBXTargetDependency */ = {
			isa = PBXTargetDependency;
			target = CECAD50D2446E00D00E07A8B /* Conway's Game of Life Reloaded watchOS App */;
			targetProxy = CECAD5102446E00D00E07A8B /* PBXContainerItemProxy */;
		};
		CECAD51E2446E00D00E07A8B /* PBXTargetDependency */ = {
			isa = PBXTargetDependency;
			target = CECAD51A2446E00D00E07A8B /* Conway's Game of Life Reloaded watchOS App Extension */;
			targetProxy = CECAD51D2446E00D00E07A8B /* PBXContainerItemProxy */;
		};
/* End PBXTargetDependency section */

/* Begin PBXVariantGroup section */
		CECAD5052446E00C00E07A8B /* Main.storyboard */ = {
			isa = PBXVariantGroup;
			children = (
				CECAD5062446E00C00E07A8B /* Base */,
			);
			name = Main.storyboard;
			sourceTree = "<group>";
		};
		CECAD5082446E00C00E07A8B /* LaunchScreen.storyboard */ = {
			isa = PBXVariantGroup;
			children = (
				CECAD5092446E00C00E07A8B /* Base */,
			);
			name = LaunchScreen.storyboard;
			sourceTree = "<group>";
		};
		CECAD5132446E00D00E07A8B /* Interface.storyboard */ = {
			isa = PBXVariantGroup;
			children = (
				CECAD5142446E00D00E07A8B /* Base */,
			);
			name = Interface.storyboard;
			sourceTree = "<group>";
		};
		CECAD52F2446E00D00E07A8B /* Main.storyboard */ = {
			isa = PBXVariantGroup;
			children = (
				CECAD5302446E00D00E07A8B /* Base */,
			);
			name = Main.storyboard;
			sourceTree = "<group>";
		};
		CECAD5322446E00D00E07A8B /* LaunchScreen.storyboard */ = {
			isa = PBXVariantGroup;
			children = (
				CECAD5332446E00D00E07A8B /* Base */,
			);
			name = LaunchScreen.storyboard;
			sourceTree = "<group>";
		};
		CECAD5402446E00D00E07A8B /* Main.storyboard */ = {
			isa = PBXVariantGroup;
			children = (
				CECAD5412446E00D00E07A8B /* Base */,
			);
			name = Main.storyboard;
			sourceTree = "<group>";
		};
/* End PBXVariantGroup section */

/* Begin XCBuildConfiguration section */
		CECAD5532446E00D00E07A8B /* Debug */ = {
			isa = XCBuildConfiguration;
			buildSettings = {
				ALWAYS_SEARCH_USER_PATHS = NO;
				CLANG_ANALYZER_NONNULL = YES;
				CLANG_ANALYZER_NUMBER_OBJECT_CONVERSION = YES_AGGRESSIVE;
				CLANG_CXX_LANGUAGE_STANDARD = "gnu++14";
				CLANG_CXX_LIBRARY = "libc++";
				CLANG_ENABLE_MODULES = YES;
				CLANG_ENABLE_OBJC_ARC = YES;
				CLANG_ENABLE_OBJC_WEAK = YES;
				CLANG_WARN_BLOCK_CAPTURE_AUTORELEASING = YES;
				CLANG_WARN_BOOL_CONVERSION = YES;
				CLANG_WARN_COMMA = YES;
				CLANG_WARN_CONSTANT_CONVERSION = YES;
				CLANG_WARN_DEPRECATED_OBJC_IMPLEMENTATIONS = YES;
				CLANG_WARN_DIRECT_OBJC_ISA_USAGE = YES_ERROR;
				CLANG_WARN_DOCUMENTATION_COMMENTS = YES;
				CLANG_WARN_EMPTY_BODY = YES;
				CLANG_WARN_ENUM_CONVERSION = YES;
				CLANG_WARN_INFINITE_RECURSION = YES;
				CLANG_WARN_INT_CONVERSION = YES;
				CLANG_WARN_NON_LITERAL_NULL_CONVERSION = YES;
				CLANG_WARN_OBJC_IMPLICIT_RETAIN_SELF = YES;
				CLANG_WARN_OBJC_LITERAL_CONVERSION = YES;
				CLANG_WARN_OBJC_ROOT_CLASS = YES_ERROR;
				CLANG_WARN_QUOTED_INCLUDE_IN_FRAMEWORK_HEADER = YES;
				CLANG_WARN_RANGE_LOOP_ANALYSIS = YES;
				CLANG_WARN_STRICT_PROTOTYPES = YES;
				CLANG_WARN_SUSPICIOUS_MOVE = YES;
				CLANG_WARN_UNGUARDED_AVAILABILITY = YES_AGGRESSIVE;
				CLANG_WARN_UNREACHABLE_CODE = YES;
				CLANG_WARN__DUPLICATE_METHOD_MATCH = YES;
				COPY_PHASE_STRIP = NO;
				DEBUG_INFORMATION_FORMAT = dwarf;
				ENABLE_STRICT_OBJC_MSGSEND = YES;
				ENABLE_TESTABILITY = YES;
				GCC_C_LANGUAGE_STANDARD = gnu11;
				GCC_DYNAMIC_NO_PIC = NO;
				GCC_NO_COMMON_BLOCKS = YES;
				GCC_OPTIMIZATION_LEVEL = 0;
				GCC_PREPROCESSOR_DEFINITIONS = (
					"DEBUG=1",
					"$(inherited)",
				);
				GCC_WARN_64_TO_32_BIT_CONVERSION = YES;
				GCC_WARN_ABOUT_RETURN_TYPE = YES_ERROR;
				GCC_WARN_UNDECLARED_SELECTOR = YES;
				GCC_WARN_UNINITIALIZED_AUTOS = YES_AGGRESSIVE;
				GCC_WARN_UNUSED_FUNCTION = YES;
				GCC_WARN_UNUSED_VARIABLE = YES;
				IPHONEOS_DEPLOYMENT_TARGET = 15.0;
				MACOSX_DEPLOYMENT_TARGET = 12.0;
				MTL_ENABLE_DEBUG_INFO = INCLUDE_SOURCE;
				MTL_FAST_MATH = YES;
				ONLY_ACTIVE_ARCH = YES;
				SWIFT_ACTIVE_COMPILATION_CONDITIONS = DEBUG;
				SWIFT_COMPILATION_MODE = wholemodule;
				SWIFT_DISABLE_SAFETY_CHECKS = NO;
				SWIFT_OPTIMIZATION_LEVEL = "-O";
			};
			name = Debug;
		};
		CECAD5542446E00D00E07A8B /* Release */ = {
			isa = XCBuildConfiguration;
			buildSettings = {
				ALWAYS_SEARCH_USER_PATHS = NO;
				CLANG_ANALYZER_NONNULL = YES;
				CLANG_ANALYZER_NUMBER_OBJECT_CONVERSION = YES_AGGRESSIVE;
				CLANG_CXX_LANGUAGE_STANDARD = "gnu++14";
				CLANG_CXX_LIBRARY = "libc++";
				CLANG_ENABLE_MODULES = YES;
				CLANG_ENABLE_OBJC_ARC = YES;
				CLANG_ENABLE_OBJC_WEAK = YES;
				CLANG_WARN_BLOCK_CAPTURE_AUTORELEASING = YES;
				CLANG_WARN_BOOL_CONVERSION = YES;
				CLANG_WARN_COMMA = YES;
				CLANG_WARN_CONSTANT_CONVERSION = YES;
				CLANG_WARN_DEPRECATED_OBJC_IMPLEMENTATIONS = YES;
				CLANG_WARN_DIRECT_OBJC_ISA_USAGE = YES_ERROR;
				CLANG_WARN_DOCUMENTATION_COMMENTS = YES;
				CLANG_WARN_EMPTY_BODY = YES;
				CLANG_WARN_ENUM_CONVERSION = YES;
				CLANG_WARN_INFINITE_RECURSION = YES;
				CLANG_WARN_INT_CONVERSION = YES;
				CLANG_WARN_NON_LITERAL_NULL_CONVERSION = YES;
				CLANG_WARN_OBJC_IMPLICIT_RETAIN_SELF = YES;
				CLANG_WARN_OBJC_LITERAL_CONVERSION = YES;
				CLANG_WARN_OBJC_ROOT_CLASS = YES_ERROR;
				CLANG_WARN_QUOTED_INCLUDE_IN_FRAMEWORK_HEADER = YES;
				CLANG_WARN_RANGE_LOOP_ANALYSIS = YES;
				CLANG_WARN_STRICT_PROTOTYPES = YES;
				CLANG_WARN_SUSPICIOUS_MOVE = YES;
				CLANG_WARN_UNGUARDED_AVAILABILITY = YES_AGGRESSIVE;
				CLANG_WARN_UNREACHABLE_CODE = YES;
				CLANG_WARN__DUPLICATE_METHOD_MATCH = YES;
				COPY_PHASE_STRIP = NO;
				DEBUG_INFORMATION_FORMAT = "dwarf-with-dsym";
				ENABLE_NS_ASSERTIONS = NO;
				ENABLE_STRICT_OBJC_MSGSEND = YES;
				GCC_C_LANGUAGE_STANDARD = gnu11;
				GCC_NO_COMMON_BLOCKS = YES;
				GCC_OPTIMIZATION_LEVEL = fast;
				GCC_WARN_64_TO_32_BIT_CONVERSION = YES;
				GCC_WARN_ABOUT_RETURN_TYPE = YES_ERROR;
				GCC_WARN_UNDECLARED_SELECTOR = YES;
				GCC_WARN_UNINITIALIZED_AUTOS = YES_AGGRESSIVE;
				GCC_WARN_UNUSED_FUNCTION = YES;
				GCC_WARN_UNUSED_VARIABLE = YES;
				IPHONEOS_DEPLOYMENT_TARGET = 15.0;
				MACOSX_DEPLOYMENT_TARGET = 12.0;
				MTL_ENABLE_DEBUG_INFO = NO;
				MTL_FAST_MATH = YES;
				SWIFT_COMPILATION_MODE = wholemodule;
				SWIFT_DISABLE_SAFETY_CHECKS = NO;
				SWIFT_OPTIMIZATION_LEVEL = "-O";
			};
			name = Release;
		};
		CECAD5562446E00D00E07A8B /* Debug */ = {
			isa = XCBuildConfiguration;
			buildSettings = {
				CODE_SIGN_STYLE = Automatic;
				DEVELOPMENT_TEAM = W6KXUJP8M6;
				INFOPLIST_FILE = "Conway's Game of Life Reloaded watchOS App Extension/Info.plist";
				LD_RUNPATH_SEARCH_PATHS = (
					"$(inherited)",
					"@executable_path/Frameworks",
					"@executable_path/../../Frameworks",
				);
				PRODUCT_BUNDLE_IDENTIFIER = "com.Albertino.Conway-s-Game-of-Life-Reloaded.watchkitapp.watchkitextension";
				PRODUCT_NAME = "Conway's Game of Life Reloaded Extension";
				SDKROOT = watchos;
				SKIP_INSTALL = YES;
				SWIFT_VERSION = 5.0;
				TARGETED_DEVICE_FAMILY = 4;
				WATCHOS_DEPLOYMENT_TARGET = 6.1;
			};
			name = Debug;
		};
		CECAD5572446E00D00E07A8B /* Release */ = {
			isa = XCBuildConfiguration;
			buildSettings = {
				CODE_SIGN_STYLE = Automatic;
				DEVELOPMENT_TEAM = W6KXUJP8M6;
				INFOPLIST_FILE = "Conway's Game of Life Reloaded watchOS App Extension/Info.plist";
				LD_RUNPATH_SEARCH_PATHS = (
					"$(inherited)",
					"@executable_path/Frameworks",
					"@executable_path/../../Frameworks",
				);
				PRODUCT_BUNDLE_IDENTIFIER = "com.Albertino.Conway-s-Game-of-Life-Reloaded.watchkitapp.watchkitextension";
				PRODUCT_NAME = "Conway's Game of Life Reloaded Extension";
				SDKROOT = watchos;
				SKIP_INSTALL = YES;
				SWIFT_VERSION = 5.0;
				TARGETED_DEVICE_FAMILY = 4;
				VALIDATE_PRODUCT = YES;
				WATCHOS_DEPLOYMENT_TARGET = 6.1;
			};
			name = Release;
		};
		CECAD55A2446E00D00E07A8B /* Debug */ = {
			isa = XCBuildConfiguration;
			buildSettings = {
				ALWAYS_EMBED_SWIFT_STANDARD_LIBRARIES = YES;
				ASSETCATALOG_COMPILER_APPICON_NAME = AppIcon;
				CODE_SIGN_STYLE = Automatic;
				DEVELOPMENT_TEAM = W6KXUJP8M6;
				IBSC_MODULE = Conway_s_Game_of_Life_Reloaded_Extension;
				INFOPLIST_FILE = "Conway's Game of Life Reloaded watchOS App/Info.plist";
				PRODUCT_BUNDLE_IDENTIFIER = "com.Albertino.Conway-s-Game-of-Life-Reloaded.watchkitapp";
				PRODUCT_NAME = "Conway's Game of Life Reloaded";
				SDKROOT = watchos;
				SKIP_INSTALL = YES;
				SWIFT_VERSION = 5.0;
				TARGETED_DEVICE_FAMILY = 4;
				WATCHOS_DEPLOYMENT_TARGET = 6.1;
			};
			name = Debug;
		};
		CECAD55B2446E00D00E07A8B /* Release */ = {
			isa = XCBuildConfiguration;
			buildSettings = {
				ALWAYS_EMBED_SWIFT_STANDARD_LIBRARIES = YES;
				ASSETCATALOG_COMPILER_APPICON_NAME = AppIcon;
				CODE_SIGN_STYLE = Automatic;
				DEVELOPMENT_TEAM = W6KXUJP8M6;
				IBSC_MODULE = Conway_s_Game_of_Life_Reloaded_Extension;
				INFOPLIST_FILE = "Conway's Game of Life Reloaded watchOS App/Info.plist";
				PRODUCT_BUNDLE_IDENTIFIER = "com.Albertino.Conway-s-Game-of-Life-Reloaded.watchkitapp";
				PRODUCT_NAME = "Conway's Game of Life Reloaded";
				SDKROOT = watchos;
				SKIP_INSTALL = YES;
				SWIFT_VERSION = 5.0;
				TARGETED_DEVICE_FAMILY = 4;
				VALIDATE_PRODUCT = YES;
				WATCHOS_DEPLOYMENT_TARGET = 6.1;
			};
			name = Release;
		};
		CECAD55E2446E00D00E07A8B /* Debug */ = {
			isa = XCBuildConfiguration;
			buildSettings = {
				ASSETCATALOG_COMPILER_APPICON_NAME = AppIcon;
				CODE_SIGN_STYLE = Automatic;
				DEVELOPMENT_TEAM = W6KXUJP8M6;
				INFOPLIST_FILE = "Conway's Game of Life Reloaded iOS/Info.plist";
				IPHONEOS_DEPLOYMENT_TARGET = 15.0;
				LD_RUNPATH_SEARCH_PATHS = (
					"$(inherited)",
					"@executable_path/Frameworks",
				);
				PRODUCT_BUNDLE_IDENTIFIER = "com.Albertino.Conway-s-Game-of-Life-Reloaded";
				PRODUCT_NAME = "Conway's Game of Life Reloaded";
				SDKROOT = iphoneos;
				SWIFT_VERSION = 5.0;
				TARGETED_DEVICE_FAMILY = "1,2";
			};
			name = Debug;
		};
		CECAD55F2446E00D00E07A8B /* Release */ = {
			isa = XCBuildConfiguration;
			buildSettings = {
				ASSETCATALOG_COMPILER_APPICON_NAME = AppIcon;
				CODE_SIGN_STYLE = Automatic;
				DEVELOPMENT_TEAM = W6KXUJP8M6;
				INFOPLIST_FILE = "Conway's Game of Life Reloaded iOS/Info.plist";
				IPHONEOS_DEPLOYMENT_TARGET = 15.0;
				LD_RUNPATH_SEARCH_PATHS = (
					"$(inherited)",
					"@executable_path/Frameworks",
				);
				PRODUCT_BUNDLE_IDENTIFIER = "com.Albertino.Conway-s-Game-of-Life-Reloaded";
				PRODUCT_NAME = "Conway's Game of Life Reloaded";
				SDKROOT = iphoneos;
				SWIFT_VERSION = 5.0;
				TARGETED_DEVICE_FAMILY = "1,2";
				VALIDATE_PRODUCT = YES;
			};
			name = Release;
		};
		CECAD5612446E00D00E07A8B /* Debug */ = {
			isa = XCBuildConfiguration;
			buildSettings = {
				ASSETCATALOG_COMPILER_APPICON_NAME = "tvOS App Icon & Top Shelf Image";
				CODE_SIGN_STYLE = Automatic;
				DEVELOPMENT_TEAM = W6KXUJP8M6;
				INFOPLIST_FILE = "Conway's Game of Life Reloaded tvOS/Info.plist";
				LD_RUNPATH_SEARCH_PATHS = (
					"$(inherited)",
					"@executable_path/Frameworks",
				);
				PRODUCT_BUNDLE_IDENTIFIER = "com.Albertino.Conway-s-Game-of-Life-Reloaded";
				PRODUCT_NAME = "Conway's Game of Life Reloaded";
				SDKROOT = appletvos;
				SWIFT_VERSION = 5.0;
				TARGETED_DEVICE_FAMILY = 3;
				TVOS_DEPLOYMENT_TARGET = 13.2;
			};
			name = Debug;
		};
		CECAD5622446E00D00E07A8B /* Release */ = {
			isa = XCBuildConfiguration;
			buildSettings = {
				ASSETCATALOG_COMPILER_APPICON_NAME = "tvOS App Icon & Top Shelf Image";
				CODE_SIGN_STYLE = Automatic;
				DEVELOPMENT_TEAM = W6KXUJP8M6;
				INFOPLIST_FILE = "Conway's Game of Life Reloaded tvOS/Info.plist";
				LD_RUNPATH_SEARCH_PATHS = (
					"$(inherited)",
					"@executable_path/Frameworks",
				);
				PRODUCT_BUNDLE_IDENTIFIER = "com.Albertino.Conway-s-Game-of-Life-Reloaded";
				PRODUCT_NAME = "Conway's Game of Life Reloaded";
				SDKROOT = appletvos;
				SWIFT_VERSION = 5.0;
				TARGETED_DEVICE_FAMILY = 3;
				TVOS_DEPLOYMENT_TARGET = 13.2;
				VALIDATE_PRODUCT = YES;
			};
			name = Release;
		};
		CECAD5642446E00D00E07A8B /* Debug */ = {
			isa = XCBuildConfiguration;
			buildSettings = {
				ASSETCATALOG_COMPILER_APPICON_NAME = AppIcon;
				CODE_SIGN_IDENTITY = "-";
				CODE_SIGN_STYLE = Automatic;
				COMBINE_HIDPI_IMAGES = YES;
				DEVELOPMENT_TEAM = W6KXUJP8M6;
				ENABLE_HARDENED_RUNTIME = YES;
				INFOPLIST_FILE = "Conway's Game of Life Reloaded macOS/Info.plist";
				LD_RUNPATH_SEARCH_PATHS = (
					"$(inherited)",
					"@executable_path/../Frameworks",
				);
				MACOSX_DEPLOYMENT_TARGET = 12.0;
				PRODUCT_BUNDLE_IDENTIFIER = "com.Albertino.Conway-s-Game-of-Life-Reloaded";
				PRODUCT_NAME = "Conway's Game of Life Reloaded";
				SDKROOT = macosx;
				SWIFT_OPTIMIZATION_LEVEL = "-O";
				SWIFT_VERSION = 5.0;
			};
			name = Debug;
		};
		CECAD5652446E00D00E07A8B /* Release */ = {
			isa = XCBuildConfiguration;
			buildSettings = {
				ASSETCATALOG_COMPILER_APPICON_NAME = AppIcon;
				CODE_SIGN_IDENTITY = "-";
				CODE_SIGN_STYLE = Automatic;
				COMBINE_HIDPI_IMAGES = YES;
				DEVELOPMENT_TEAM = W6KXUJP8M6;
				ENABLE_HARDENED_RUNTIME = YES;
				INFOPLIST_FILE = "Conway's Game of Life Reloaded macOS/Info.plist";
				LD_RUNPATH_SEARCH_PATHS = (
					"$(inherited)",
					"@executable_path/../Frameworks",
				);
				MACOSX_DEPLOYMENT_TARGET = 12.0;
				PRODUCT_BUNDLE_IDENTIFIER = "com.Albertino.Conway-s-Game-of-Life-Reloaded";
				PRODUCT_NAME = "Conway's Game of Life Reloaded";
				SDKROOT = macosx;
				SWIFT_VERSION = 5.0;
			};
			name = Release;
		};
/* End XCBuildConfiguration section */

/* Begin XCConfigurationList section */
		CECAD4F42446E00A00E07A8B /* Build configuration list for PBXProject "Conway's Game of Life Reloaded" */ = {
			isa = XCConfigurationList;
			buildConfigurations = (
				CECAD5532446E00D00E07A8B /* Debug */,
				CECAD5542446E00D00E07A8B /* Release */,
			);
			defaultConfigurationIsVisible = 0;
			defaultConfigurationName = Release;
		};
		CECAD5552446E00D00E07A8B /* Build configuration list for PBXNativeTarget "Conway's Game of Life Reloaded watchOS App Extension" */ = {
			isa = XCConfigurationList;
			buildConfigurations = (
				CECAD5562446E00D00E07A8B /* Debug */,
				CECAD5572446E00D00E07A8B /* Release */,
			);
			defaultConfigurationIsVisible = 0;
			defaultConfigurationName = Release;
		};
		CECAD5592446E00D00E07A8B /* Build configuration list for PBXNativeTarget "Conway's Game of Life Reloaded watchOS App" */ = {
			isa = XCConfigurationList;
			buildConfigurations = (
				CECAD55A2446E00D00E07A8B /* Debug */,
				CECAD55B2446E00D00E07A8B /* Release */,
			);
			defaultConfigurationIsVisible = 0;
			defaultConfigurationName = Release;
		};
		CECAD55D2446E00D00E07A8B /* Build configuration list for PBXNativeTarget "Conway's Game of Life Reloaded iOS" */ = {
			isa = XCConfigurationList;
			buildConfigurations = (
				CECAD55E2446E00D00E07A8B /* Debug */,
				CECAD55F2446E00D00E07A8B /* Release */,
			);
			defaultConfigurationIsVisible = 0;
			defaultConfigurationName = Release;
		};
		CECAD5602446E00D00E07A8B /* Build configuration list for PBXNativeTarget "Conway's Game of Life Reloaded tvOS" */ = {
			isa = XCConfigurationList;
			buildConfigurations = (
				CECAD5612446E00D00E07A8B /* Debug */,
				CECAD5622446E00D00E07A8B /* Release */,
			);
			defaultConfigurationIsVisible = 0;
			defaultConfigurationName = Release;
		};
		CECAD5632446E00D00E07A8B /* Build configuration list for PBXNativeTarget "Conway's Game of Life Reloaded macOS" */ = {
			isa = XCConfigurationList;
			buildConfigurations = (
				CECAD5642446E00D00E07A8B /* Debug */,
				CECAD5652446E00D00E07A8B /* Release */,
			);
			defaultConfigurationIsVisible = 0;
			defaultConfigurationName = Release;
		};
/* End XCConfigurationList section */
	};
	rootObject = CECAD4F12446E00A00E07A8B /* Project object */;
}
